// !$*UTF8*$!
{
	archiveVersion = 1;
	classes = {
	};
	objectVersion = 77;
	objects = {

/* Begin PBXBuildFile section */
		24363A692750F17800051C08 /* BankTransactionsTests.swift in Sources */ = {isa = PBXBuildFile; fileRef = 24363A682750F17800051C08 /* BankTransactionsTests.swift */; };
		24363A762750F26900051C08 /* BankTransactionsUITests.swift in Sources */ = {isa = PBXBuildFile; fileRef = 24363A752750F26900051C08 /* BankTransactionsUITests.swift */; };
		24363A782750F26900051C08 /* BankTransactionsUITestsLaunchTests.swift in Sources */ = {isa = PBXBuildFile; fileRef = 24363A772750F26900051C08 /* BankTransactionsUITestsLaunchTests.swift */; };
		24A164EC274789BB00FEAADD /* BankTransactionsApp.swift in Sources */ = {isa = PBXBuildFile; fileRef = 24A164C4274789B700FEAADD /* BankTransactionsApp.swift */; };
		24A164EE274789BB00FEAADD /* ContentView.swift in Sources */ = {isa = PBXBuildFile; fileRef = 24A164C5274789B700FEAADD /* ContentView.swift */; };
		24A164F0274789BB00FEAADD /* Assets.xcassets in Resources */ = {isa = PBXBuildFile; fileRef = 24A164C6274789BB00FEAADD /* Assets.xcassets */; };
		24A165022747940A00FEAADD /* Transaction.swift in Sources */ = {isa = PBXBuildFile; fileRef = 24A165012747940A00FEAADD /* Transaction.swift */; };
		24A16506274799FE00FEAADD /* Webservice.swift in Sources */ = {isa = PBXBuildFile; fileRef = 24A16505274799FE00FEAADD /* Webservice.swift */; };
		24A165092747A41500FEAADD /* TransactionListViewModel.swift in Sources */ = {isa = PBXBuildFile; fileRef = 24A165082747A41500FEAADD /* TransactionListViewModel.swift */; };
		24A1650C2747B5A100FEAADD /* TransactionListView.swift in Sources */ = {isa = PBXBuildFile; fileRef = 24A1650B2747B5A100FEAADD /* TransactionListView.swift */; };
		24A1650E27480F6A00FEAADD /* TransactionRowView.swift in Sources */ = {isa = PBXBuildFile; fileRef = 24A1650D27480F6A00FEAADD /* TransactionRowView.swift */; };
		24A45DDA2748F78100E64042 /* StringExtension.swift in Sources */ = {isa = PBXBuildFile; fileRef = 24A45DD92748F78100E64042 /* StringExtension.swift */; };
		24A45DDC274A743600E64042 /* ArrayExtension.swift in Sources */ = {isa = PBXBuildFile; fileRef = 24A45DDB274A743600E64042 /* ArrayExtension.swift */; };
/* End PBXBuildFile section */

/* Begin PBXContainerItemProxy section */
		24363A6A2750F17800051C08 /* PBXContainerItemProxy */ = {
			isa = PBXContainerItemProxy;
			containerPortal = 24A164BF274789B700FEAADD /* Project object */;
			proxyType = 1;
			remoteGlobalIDString = 24A164CA274789BB00FEAADD;
			remoteInfo = "BankTransactions (iOS)";
		};
		24363A792750F26900051C08 /* PBXContainerItemProxy */ = {
			isa = PBXContainerItemProxy;
			containerPortal = 24A164BF274789B700FEAADD /* Project object */;
			proxyType = 1;
			remoteGlobalIDString = 24A164CA274789BB00FEAADD;
			remoteInfo = "BankTransactions (iOS)";
		};
/* End PBXContainerItemProxy section */

/* Begin PBXFileReference section */
		24363A662750F17800051C08 /* BankTransactionsTests.xctest */ = {isa = PBXFileReference; explicitFileType = wrapper.cfbundle; includeInIndex = 0; path = BankTransactionsTests.xctest; sourceTree = BUILT_PRODUCTS_DIR; };
		24363A682750F17800051C08 /* BankTransactionsTests.swift */ = {isa = PBXFileReference; lastKnownFileType = sourcecode.swift; path = BankTransactionsTests.swift; sourceTree = "<group>"; };
		24363A732750F26900051C08 /* BankTransactionsUITests.xctest */ = {isa = PBXFileReference; explicitFileType = wrapper.cfbundle; includeInIndex = 0; path = BankTransactionsUITests.xctest; sourceTree = BUILT_PRODUCTS_DIR; };
		24363A752750F26900051C08 /* BankTransactionsUITests.swift */ = {isa = PBXFileReference; lastKnownFileType = sourcecode.swift; path = BankTransactionsUITests.swift; sourceTree = "<group>"; };
		24363A772750F26900051C08 /* BankTransactionsUITestsLaunchTests.swift */ = {isa = PBXFileReference; lastKnownFileType = sourcecode.swift; path = BankTransactionsUITestsLaunchTests.swift; sourceTree = "<group>"; };
		24A164C4274789B700FEAADD /* BankTransactionsApp.swift */ = {isa = PBXFileReference; lastKnownFileType = sourcecode.swift; path = BankTransactionsApp.swift; sourceTree = "<group>"; };
		24A164C5274789B700FEAADD /* ContentView.swift */ = {isa = PBXFileReference; lastKnownFileType = sourcecode.swift; path = ContentView.swift; sourceTree = "<group>"; };
		24A164C6274789BB00FEAADD /* Assets.xcassets */ = {isa = PBXFileReference; lastKnownFileType = folder.assetcatalog; path = Assets.xcassets; sourceTree = "<group>"; };
		24A164CB274789BB00FEAADD /* BankTransactions.app */ = {isa = PBXFileReference; explicitFileType = wrapper.application; includeInIndex = 0; path = BankTransactions.app; sourceTree = BUILT_PRODUCTS_DIR; };
		24A165012747940A00FEAADD /* Transaction.swift */ = {isa = PBXFileReference; lastKnownFileType = sourcecode.swift; path = Transaction.swift; sourceTree = "<group>"; };
		24A16505274799FE00FEAADD /* Webservice.swift */ = {isa = PBXFileReference; lastKnownFileType = sourcecode.swift; path = Webservice.swift; sourceTree = "<group>"; };
		24A165082747A41500FEAADD /* TransactionListViewModel.swift */ = {isa = PBXFileReference; lastKnownFileType = sourcecode.swift; path = TransactionListViewModel.swift; sourceTree = "<group>"; };
		24A1650B2747B5A100FEAADD /* TransactionListView.swift */ = {isa = PBXFileReference; lastKnownFileType = sourcecode.swift; path = TransactionListView.swift; sourceTree = "<group>"; };
		24A1650D27480F6A00FEAADD /* TransactionRowView.swift */ = {isa = PBXFileReference; lastKnownFileType = sourcecode.swift; path = TransactionRowView.swift; sourceTree = "<group>"; };
		24A45DD92748F78100E64042 /* StringExtension.swift */ = {isa = PBXFileReference; lastKnownFileType = sourcecode.swift; path = StringExtension.swift; sourceTree = "<group>"; };
		24A45DDB274A743600E64042 /* ArrayExtension.swift */ = {isa = PBXFileReference; lastKnownFileType = sourcecode.swift; path = ArrayExtension.swift; sourceTree = "<group>"; };
		24A45DDD274A822700E64042 /* BankTransactions--iOS--Info.plist */ = {isa = PBXFileReference; lastKnownFileType = text.plist; path = "BankTransactions--iOS--Info.plist"; sourceTree = "<group>"; };
		24C8FDBE27504260008B1E89 /* XCTest.framework */ = {isa = PBXFileReference; lastKnownFileType = wrapper.framework; name = XCTest.framework; path = Platforms/iPhoneOS.platform/Developer/Library/Frameworks/XCTest.framework; sourceTree = DEVELOPER_DIR; };
/* End PBXFileReference section */

/* Begin PBXFrameworksBuildPhase section */
		24363A632750F17800051C08 /* Frameworks */ = {
			isa = PBXFrameworksBuildPhase;
			buildActionMask = 2147483647;
			files = (
			);
			runOnlyForDeploymentPostprocessing = 0;
		};
		24363A702750F26900051C08 /* Frameworks */ = {
			isa = PBXFrameworksBuildPhase;
			buildActionMask = 2147483647;
			files = (
			);
			runOnlyForDeploymentPostprocessing = 0;
		};
		24A164C8274789BB00FEAADD /* Frameworks */ = {
			isa = PBXFrameworksBuildPhase;
			buildActionMask = 2147483647;
			files = (
			);
			runOnlyForDeploymentPostprocessing = 0;
		};
/* End PBXFrameworksBuildPhase section */

/* Begin PBXGroup section */
		24363A672750F17800051C08 /* BankTransactionsTests */ = {
			isa = PBXGroup;
			children = (
				24363A682750F17800051C08 /* BankTransactionsTests.swift */,
			);
			path = BankTransactionsTests;
			sourceTree = "<group>";
		};
		24363A742750F26900051C08 /* BankTransactionsUITests */ = {
			isa = PBXGroup;
			children = (
				24363A752750F26900051C08 /* BankTransactionsUITests.swift */,
				24363A772750F26900051C08 /* BankTransactionsUITestsLaunchTests.swift */,
			);
			path = BankTransactionsUITests;
			sourceTree = "<group>";
		};
		24A164BE274789B700FEAADD = {
			isa = PBXGroup;
			children = (
				24A45DDD274A822700E64042 /* BankTransactions--iOS--Info.plist */,
				24A164C3274789B700FEAADD /* BankTransactions */,
				24363A672750F17800051C08 /* BankTransactionsTests */,
				24363A742750F26900051C08 /* BankTransactionsUITests */,
				24A164CC274789BB00FEAADD /* Products */,
				24C8FDB627504225008B1E89 /* Frameworks */,
			);
			sourceTree = "<group>";
		};
		24A164C3274789B700FEAADD /* BankTransactions */ = {
			isa = PBXGroup;
			children = (
				24A45DD82748F73400E64042 /* Extension */,
				24A16500274790B300FEAADD /* Models */,
				24A1650A2747B51200FEAADD /* Views */,
				24A1650727479C6E00FEAADD /* View Models */,
				24A16503274796CA00FEAADD /* Services */,
				24A164C4274789B700FEAADD /* BankTransactionsApp.swift */,
				24A164C6274789BB00FEAADD /* Assets.xcassets */,
			);
			path = BankTransactions;
			sourceTree = "<group>";
		};
		24A164CC274789BB00FEAADD /* Products */ = {
			isa = PBXGroup;
			children = (
				24A164CB274789BB00FEAADD /* BankTransactions.app */,
				24363A662750F17800051C08 /* BankTransactionsTests.xctest */,
				24363A732750F26900051C08 /* BankTransactionsUITests.xctest */,
			);
			name = Products;
			sourceTree = "<group>";
		};
		24A16500274790B300FEAADD /* Models */ = {
			isa = PBXGroup;
			children = (
				24A165012747940A00FEAADD /* Transaction.swift */,
			);
			path = Models;
			sourceTree = "<group>";
		};
		24A16503274796CA00FEAADD /* Services */ = {
			isa = PBXGroup;
			children = (
				24A16505274799FE00FEAADD /* Webservice.swift */,
			);
			path = Services;
			sourceTree = "<group>";
		};
		24A1650727479C6E00FEAADD /* View Models */ = {
			isa = PBXGroup;
			children = (
				24A165082747A41500FEAADD /* TransactionListViewModel.swift */,
			);
			path = "View Models";
			sourceTree = "<group>";
		};
		24A1650A2747B51200FEAADD /* Views */ = {
			isa = PBXGroup;
			children = (
				24A164C5274789B700FEAADD /* ContentView.swift */,
				24A1650B2747B5A100FEAADD /* TransactionListView.swift */,
				24A1650D27480F6A00FEAADD /* TransactionRowView.swift */,
			);
			path = Views;
			sourceTree = "<group>";
		};
		24A45DD82748F73400E64042 /* Extension */ = {
			isa = PBXGroup;
			children = (
				24A45DD92748F78100E64042 /* StringExtension.swift */,
				24A45DDB274A743600E64042 /* ArrayExtension.swift */,
			);
			path = Extension;
			sourceTree = "<group>";
		};
		24C8FDB627504225008B1E89 /* Frameworks */ = {
			isa = PBXGroup;
			children = (
				24C8FDBE27504260008B1E89 /* XCTest.framework */,
			);
			name = Frameworks;
			sourceTree = "<group>";
		};
/* End PBXGroup section */

/* Begin PBXNativeTarget section */
		24363A652750F17800051C08 /* BankTransactionsTests */ = {
			isa = PBXNativeTarget;
			buildConfigurationList = 24363A6C2750F17800051C08 /* Build configuration list for PBXNativeTarget "BankTransactionsTests" */;
			buildPhases = (
				24363A622750F17800051C08 /* Sources */,
				24363A632750F17800051C08 /* Frameworks */,
				24363A642750F17800051C08 /* Resources */,
			);
			buildRules = (
			);
			dependencies = (
				24363A6B2750F17800051C08 /* PBXTargetDependency */,
			);
			name = BankTransactionsTests;
			productName = BankTransactionsTests;
			productReference = 24363A662750F17800051C08 /* BankTransactionsTests.xctest */;
			productType = "com.apple.product-type.bundle.unit-test";
		};
		24363A722750F26900051C08 /* BankTransactionsUITests */ = {
			isa = PBXNativeTarget;
			buildConfigurationList = 24363A7B2750F26900051C08 /* Build configuration list for PBXNativeTarget "BankTransactionsUITests" */;
			buildPhases = (
				24363A6F2750F26900051C08 /* Sources */,
				24363A702750F26900051C08 /* Frameworks */,
				24363A712750F26900051C08 /* Resources */,
			);
			buildRules = (
			);
			dependencies = (
				24363A7A2750F26900051C08 /* PBXTargetDependency */,
			);
			name = BankTransactionsUITests;
			productName = BankTransactionsUITests;
			productReference = 24363A732750F26900051C08 /* BankTransactionsUITests.xctest */;
			productType = "com.apple.product-type.bundle.ui-testing";
		};
		24A164CA274789BB00FEAADD /* BankTransactions (iOS) */ = {
			isa = PBXNativeTarget;
			buildConfigurationList = 24A164F4274789BB00FEAADD /* Build configuration list for PBXNativeTarget "BankTransactions (iOS)" */;
			buildPhases = (
				24A164C7274789BB00FEAADD /* Sources */,
				24A164C8274789BB00FEAADD /* Frameworks */,
				24A164C9274789BB00FEAADD /* Resources */,
			);
			buildRules = (
			);
			dependencies = (
			);
			name = "BankTransactions (iOS)";
			productName = "BankTransactions (iOS)";
			productReference = 24A164CB274789BB00FEAADD /* BankTransactions.app */;
			productType = "com.apple.product-type.application";
		};
/* End PBXNativeTarget section */

/* Begin PBXProject section */
		24A164BF274789B700FEAADD /* Project object */ = {
			isa = PBXProject;
			attributes = {
				BuildIndependentTargetsInParallel = 1;
				LastSwiftUpdateCheck = 1310;
				LastUpgradeCheck = 1310;
				TargetAttributes = {
					24363A652750F17800051C08 = {
						CreatedOnToolsVersion = 13.1;
						TestTargetID = 24A164CA274789BB00FEAADD;
					};
					24363A722750F26900051C08 = {
						CreatedOnToolsVersion = 13.1;
						TestTargetID = 24A164CA274789BB00FEAADD;
					};
					24A164CA274789BB00FEAADD = {
						CreatedOnToolsVersion = 13.1;
					};
				};
			};
			buildConfigurationList = 24A164C2274789B700FEAADD /* Build configuration list for PBXProject "BankTransactions" */;
			developmentRegion = en;
			hasScannedForEncodings = 0;
			knownRegions = (
				en,
				Base,
			);
			mainGroup = 24A164BE274789B700FEAADD;
			preferredProjectObjectVersion = 77;
			productRefGroup = 24A164CC274789BB00FEAADD /* Products */;
			projectDirPath = "";
			projectRoot = "";
			targets = (
				24A164CA274789BB00FEAADD /* BankTransactions (iOS) */,
				24363A652750F17800051C08 /* BankTransactionsTests */,
				24363A722750F26900051C08 /* BankTransactionsUITests */,
			);
		};
/* End PBXProject section */

/* Begin PBXResourcesBuildPhase section */
		24363A642750F17800051C08 /* Resources */ = {
			isa = PBXResourcesBuildPhase;
			buildActionMask = 2147483647;
			files = (
			);
			runOnlyForDeploymentPostprocessing = 0;
		};
		24363A712750F26900051C08 /* Resources */ = {
			isa = PBXResourcesBuildPhase;
			buildActionMask = 2147483647;
			files = (
			);
			runOnlyForDeploymentPostprocessing = 0;
		};
		24A164C9274789BB00FEAADD /* Resources */ = {
			isa = PBXResourcesBuildPhase;
			buildActionMask = 2147483647;
			files = (
				24A164F0274789BB00FEAADD /* Assets.xcassets in Resources */,
			);
			runOnlyForDeploymentPostprocessing = 0;
		};
/* End PBXResourcesBuildPhase section */

/* Begin PBXSourcesBuildPhase section */
		24363A622750F17800051C08 /* Sources */ = {
			isa = PBXSourcesBuildPhase;
			buildActionMask = 2147483647;
			files = (
				24363A692750F17800051C08 /* BankTransactionsTests.swift in Sources */,
			);
			runOnlyForDeploymentPostprocessing = 0;
		};
		24363A6F2750F26900051C08 /* Sources */ = {
			isa = PBXSourcesBuildPhase;
			buildActionMask = 2147483647;
			files = (
				24363A762750F26900051C08 /* BankTransactionsUITests.swift in Sources */,
				24363A782750F26900051C08 /* BankTransactionsUITestsLaunchTests.swift in Sources */,
			);
			runOnlyForDeploymentPostprocessing = 0;
		};
		24A164C7274789BB00FEAADD /* Sources */ = {
			isa = PBXSourcesBuildPhase;
			buildActionMask = 2147483647;
			files = (
				24A164EE274789BB00FEAADD /* ContentView.swift in Sources */,
				24A165092747A41500FEAADD /* TransactionListViewModel.swift in Sources */,
				24A164EC274789BB00FEAADD /* BankTransactionsApp.swift in Sources */,
				24A45DDC274A743600E64042 /* ArrayExtension.swift in Sources */,
				24A16506274799FE00FEAADD /* Webservice.swift in Sources */,
				24A45DDA2748F78100E64042 /* StringExtension.swift in Sources */,
				24A165022747940A00FEAADD /* Transaction.swift in Sources */,
				24A1650E27480F6A00FEAADD /* TransactionRowView.swift in Sources */,
				24A1650C2747B5A100FEAADD /* TransactionListView.swift in Sources */,
			);
			runOnlyForDeploymentPostprocessing = 0;
		};
/* End PBXSourcesBuildPhase section */

/* Begin PBXTargetDependency section */
		24363A6B2750F17800051C08 /* PBXTargetDependency */ = {
			isa = PBXTargetDependency;
			target = 24A164CA274789BB00FEAADD /* BankTransactions (iOS) */;
			targetProxy = 24363A6A2750F17800051C08 /* PBXContainerItemProxy */;
		};
		24363A7A2750F26900051C08 /* PBXTargetDependency */ = {
			isa = PBXTargetDependency;
			target = 24A164CA274789BB00FEAADD /* BankTransactions (iOS) */;
			targetProxy = 24363A792750F26900051C08 /* PBXContainerItemProxy */;
		};
/* End PBXTargetDependency section */

/* Begin XCBuildConfiguration section */
		24363A6D2750F17800051C08 /* Debug */ = {
			isa = XCBuildConfiguration;
			buildSettings = {
				BUNDLE_LOADER = "$(TEST_HOST)";
				CODE_SIGN_STYLE = Automatic;
				CURRENT_PROJECT_VERSION = 1;
				DEVELOPMENT_TEAM = CQLDM5Q7V2;
				GENERATE_INFOPLIST_FILE = YES;
				IPHONEOS_DEPLOYMENT_TARGET = 18.0;
				LD_RUNPATH_SEARCH_PATHS = (
					"$(inherited)",
					"@executable_path/Frameworks",
					"@loader_path/Frameworks",
				);
				MARKETING_VERSION = 1.0;
				PRODUCT_BUNDLE_IDENTIFIER = com.rpatec.BankTransactionsTests;
				PRODUCT_NAME = "$(TARGET_NAME)";
				SDKROOT = iphoneos;
				SWIFT_EMIT_LOC_STRINGS = NO;
				SWIFT_VERSION = 5.0;
				TARGETED_DEVICE_FAMILY = "1,2";
				TEST_HOST = "$(BUILT_PRODUCTS_DIR)/BankTransactions.app/BankTransactions";
			};
			name = Debug;
		};
		24363A6E2750F17800051C08 /* Release */ = {
			isa = XCBuildConfiguration;
			buildSettings = {
				BUNDLE_LOADER = "$(TEST_HOST)";
				CODE_SIGN_STYLE = Automatic;
				CURRENT_PROJECT_VERSION = 1;
				DEVELOPMENT_TEAM = CQLDM5Q7V2;
				GENERATE_INFOPLIST_FILE = YES;
				IPHONEOS_DEPLOYMENT_TARGET = 18.0;
				LD_RUNPATH_SEARCH_PATHS = (
					"$(inherited)",
					"@executable_path/Frameworks",
					"@loader_path/Frameworks",
				);
				MARKETING_VERSION = 1.0;
				PRODUCT_BUNDLE_IDENTIFIER = com.rpatec.BankTransactionsTests;
				PRODUCT_NAME = "$(TARGET_NAME)";
				SDKROOT = iphoneos;
				SWIFT_EMIT_LOC_STRINGS = NO;
				SWIFT_VERSION = 5.0;
				TARGETED_DEVICE_FAMILY = "1,2";
				TEST_HOST = "$(BUILT_PRODUCTS_DIR)/BankTransactions.app/BankTransactions";
				VALIDATE_PRODUCT = YES;
			};
			name = Release;
		};
		24363A7C2750F26900051C08 /* Debug */ = {
			isa = XCBuildConfiguration;
			buildSettings = {
				CODE_SIGN_STYLE = Automatic;
				CURRENT_PROJECT_VERSION = 1;
				DEVELOPMENT_TEAM = CQLDM5Q7V2;
				GENERATE_INFOPLIST_FILE = YES;
				IPHONEOS_DEPLOYMENT_TARGET = 15.0;
				LD_RUNPATH_SEARCH_PATHS = (
					"$(inherited)",
					"@executable_path/Frameworks",
					"@loader_path/Frameworks",
				);
				MARKETING_VERSION = 1.0;
				PRODUCT_BUNDLE_IDENTIFIER = com.rpatec.BankTransactionsUITests;
				PRODUCT_NAME = "$(TARGET_NAME)";
				SDKROOT = iphoneos;
				SWIFT_EMIT_LOC_STRINGS = NO;
				SWIFT_VERSION = 5.0;
				TARGETED_DEVICE_FAMILY = "1,2";
				TEST_TARGET_NAME = "BankTransactions (iOS)";
			};
			name = Debug;
		};
		24363A7D2750F26900051C08 /* Release */ = {
			isa = XCBuildConfiguration;
			buildSettings = {
				CODE_SIGN_STYLE = Automatic;
				CURRENT_PROJECT_VERSION = 1;
				DEVELOPMENT_TEAM = CQLDM5Q7V2;
				GENERATE_INFOPLIST_FILE = YES;
				IPHONEOS_DEPLOYMENT_TARGET = 15.0;
				LD_RUNPATH_SEARCH_PATHS = (
					"$(inherited)",
					"@executable_path/Frameworks",
					"@loader_path/Frameworks",
				);
				MARKETING_VERSION = 1.0;
				PRODUCT_BUNDLE_IDENTIFIER = com.rpatec.BankTransactionsUITests;
				PRODUCT_NAME = "$(TARGET_NAME)";
				SDKROOT = iphoneos;
				SWIFT_EMIT_LOC_STRINGS = NO;
				SWIFT_VERSION = 5.0;
				TARGETED_DEVICE_FAMILY = "1,2";
				TEST_TARGET_NAME = "BankTransactions (iOS)";
				VALIDATE_PRODUCT = YES;
			};
			name = Release;
		};
		24A164F2274789BB00FEAADD /* Debug */ = {
			isa = XCBuildConfiguration;
			buildSettings = {
				ALWAYS_SEARCH_USER_PATHS = NO;
				CLANG_ANALYZER_NONNULL = YES;
				CLANG_ANALYZER_NUMBER_OBJECT_CONVERSION = YES_AGGRESSIVE;
				CLANG_CXX_LANGUAGE_STANDARD = "gnu++17";
				CLANG_CXX_LIBRARY = "libc++";
				CLANG_ENABLE_MODULES = YES;
				CLANG_ENABLE_OBJC_ARC = YES;
				CLANG_ENABLE_OBJC_WEAK = YES;
				CLANG_WARN_BLOCK_CAPTURE_AUTORELEASING = YES;
				CLANG_WARN_BOOL_CONVERSION = YES;
				CLANG_WARN_COMMA = YES;
				CLANG_WARN_CONSTANT_CONVERSION = YES;
				CLANG_WARN_DEPRECATED_OBJC_IMPLEMENTATIONS = YES;
				CLANG_WARN_DIRECT_OBJC_ISA_USAGE = YES_ERROR;
				CLANG_WARN_DOCUMENTATION_COMMENTS = YES;
				CLANG_WARN_EMPTY_BODY = YES;
				CLANG_WARN_ENUM_CONVERSION = YES;
				CLANG_WARN_INFINITE_RECURSION = YES;
				CLANG_WARN_INT_CONVERSION = YES;
				CLANG_WARN_NON_LITERAL_NULL_CONVERSION = YES;
				CLANG_WARN_OBJC_IMPLICIT_RETAIN_SELF = YES;
				CLANG_WARN_OBJC_LITERAL_CONVERSION = YES;
				CLANG_WARN_OBJC_ROOT_CLASS = YES_ERROR;
				CLANG_WARN_QUOTED_INCLUDE_IN_FRAMEWORK_HEADER = YES;
				CLANG_WARN_RANGE_LOOP_ANALYSIS = YES;
				CLANG_WARN_STRICT_PROTOTYPES = YES;
				CLANG_WARN_SUSPICIOUS_MOVE = YES;
				CLANG_WARN_UNGUARDED_AVAILABILITY = YES_AGGRESSIVE;
				CLANG_WARN_UNREACHABLE_CODE = YES;
				CLANG_WARN__DUPLICATE_METHOD_MATCH = YES;
				COPY_PHASE_STRIP = NO;
				DEBUG_INFORMATION_FORMAT = dwarf;
				ENABLE_STRICT_OBJC_MSGSEND = YES;
				ENABLE_TESTABILITY = YES;
				GCC_C_LANGUAGE_STANDARD = gnu11;
				GCC_DYNAMIC_NO_PIC = NO;
				GCC_NO_COMMON_BLOCKS = YES;
				GCC_OPTIMIZATION_LEVEL = 0;
				GCC_PREPROCESSOR_DEFINITIONS = (
					"DEBUG=1",
					"$(inherited)",
				);
				GCC_WARN_64_TO_32_BIT_CONVERSION = YES;
				GCC_WARN_ABOUT_RETURN_TYPE = YES_ERROR;
				GCC_WARN_UNDECLARED_SELECTOR = YES;
				GCC_WARN_UNINITIALIZED_AUTOS = YES_AGGRESSIVE;
				GCC_WARN_UNUSED_FUNCTION = YES;
				GCC_WARN_UNUSED_VARIABLE = YES;
				MTL_ENABLE_DEBUG_INFO = INCLUDE_SOURCE;
				MTL_FAST_MATH = YES;
				ONLY_ACTIVE_ARCH = YES;
				SWIFT_ACTIVE_COMPILATION_CONDITIONS = DEBUG;
				SWIFT_OPTIMIZATION_LEVEL = "-Onone";
			};
			name = Debug;
		};
		24A164F3274789BB00FEAADD /* Release */ = {
			isa = XCBuildConfiguration;
			buildSettings = {
				ALWAYS_SEARCH_USER_PATHS = NO;
				CLANG_ANALYZER_NONNULL = YES;
				CLANG_ANALYZER_NUMBER_OBJECT_CONVERSION = YES_AGGRESSIVE;
				CLANG_CXX_LANGUAGE_STANDARD = "gnu++17";
				CLANG_CXX_LIBRARY = "libc++";
				CLANG_ENABLE_MODULES = YES;
				CLANG_ENABLE_OBJC_ARC = YES;
				CLANG_ENABLE_OBJC_WEAK = YES;
				CLANG_WARN_BLOCK_CAPTURE_AUTORELEASING = YES;
				CLANG_WARN_BOOL_CONVERSION = YES;
				CLANG_WARN_COMMA = YES;
				CLANG_WARN_CONSTANT_CONVERSION = YES;
				CLANG_WARN_DEPRECATED_OBJC_IMPLEMENTATIONS = YES;
				CLANG_WARN_DIRECT_OBJC_ISA_USAGE = YES_ERROR;
				CLANG_WARN_DOCUMENTATION_COMMENTS = YES;
				CLANG_WARN_EMPTY_BODY = YES;
				CLANG_WARN_ENUM_CONVERSION = YES;
				CLANG_WARN_INFINITE_RECURSION = YES;
				CLANG_WARN_INT_CONVERSION = YES;
				CLANG_WARN_NON_LITERAL_NULL_CONVERSION = YES;
				CLANG_WARN_OBJC_IMPLICIT_RETAIN_SELF = YES;
				CLANG_WARN_OBJC_LITERAL_CONVERSION = YES;
				CLANG_WARN_OBJC_ROOT_CLASS = YES_ERROR;
				CLANG_WARN_QUOTED_INCLUDE_IN_FRAMEWORK_HEADER = YES;
				CLANG_WARN_RANGE_LOOP_ANALYSIS = YES;
				CLANG_WARN_STRICT_PROTOTYPES = YES;
				CLANG_WARN_SUSPICIOUS_MOVE = YES;
				CLANG_WARN_UNGUARDED_AVAILABILITY = YES_AGGRESSIVE;
				CLANG_WARN_UNREACHABLE_CODE = YES;
				CLANG_WARN__DUPLICATE_METHOD_MATCH = YES;
				COPY_PHASE_STRIP = NO;
				DEBUG_INFORMATION_FORMAT = "dwarf-with-dsym";
				ENABLE_NS_ASSERTIONS = NO;
				ENABLE_STRICT_OBJC_MSGSEND = YES;
				GCC_C_LANGUAGE_STANDARD = gnu11;
				GCC_NO_COMMON_BLOCKS = YES;
				GCC_WARN_64_TO_32_BIT_CONVERSION = YES;
				GCC_WARN_ABOUT_RETURN_TYPE = YES_ERROR;
				GCC_WARN_UNDECLARED_SELECTOR = YES;
				GCC_WARN_UNINITIALIZED_AUTOS = YES_AGGRESSIVE;
				GCC_WARN_UNUSED_FUNCTION = YES;
				GCC_WARN_UNUSED_VARIABLE = YES;
				MTL_ENABLE_DEBUG_INFO = NO;
				MTL_FAST_MATH = YES;
				SWIFT_COMPILATION_MODE = wholemodule;
				SWIFT_OPTIMIZATION_LEVEL = "-O";
			};
			name = Release;
		};
		24A164F5274789BB00FEAADD /* Debug */ = {
			isa = XCBuildConfiguration;
			buildSettings = {
				ASSETCATALOG_COMPILER_APPICON_NAME = AppIcon;
				ASSETCATALOG_COMPILER_GLOBAL_ACCENT_COLOR_NAME = AccentColor;
				CODE_SIGN_STYLE = Automatic;
				CURRENT_PROJECT_VERSION = 1;
				DEVELOPMENT_TEAM = CQLDM5Q7V2;
				ENABLE_PREVIEWS = YES;
				ENABLE_TESTING_SEARCH_PATHS = YES;
				GENERATE_INFOPLIST_FILE = YES;
				INFOPLIST_FILE = "BankTransactions--iOS--Info.plist";
				INFOPLIST_KEY_CFBundleDisplayName = "Bank Transactions";
				INFOPLIST_KEY_UIApplicationSceneManifest_Generation = YES;
				INFOPLIST_KEY_UIApplicationSupportsIndirectInputEvents = YES;
				INFOPLIST_KEY_UISupportedInterfaceOrientations = UIInterfaceOrientationPortrait;
				INFOPLIST_KEY_UISupportedInterfaceOrientations_iPad = "UIInterfaceOrientationPortrait UIInterfaceOrientationPortraitUpsideDown UIInterfaceOrientationLandscapeLeft UIInterfaceOrientationLandscapeRight";
				INFOPLIST_KEY_UISupportedInterfaceOrientations_iPhone = "UIInterfaceOrientationPortrait UIInterfaceOrientationLandscapeLeft UIInterfaceOrientationLandscapeRight";
				IPHONEOS_DEPLOYMENT_TARGET = 15.0;
				LD_RUNPATH_SEARCH_PATHS = (
					"$(inherited)",
					"@executable_path/Frameworks",
				);
				MARKETING_VERSION = 1.0;
				PRODUCT_BUNDLE_IDENTIFIER = com.rpatec.BankTransactions;
				PRODUCT_NAME = BankTransactions;
				SDKROOT = iphoneos;
				SWIFT_EMIT_LOC_STRINGS = YES;
				SWIFT_VERSION = 5.0;
				TARGETED_DEVICE_FAMILY = 1;
			};
			name = Debug;
		};
		24A164F6274789BB00FEAADD /* Release */ = {
			isa = XCBuildConfiguration;
			buildSettings = {
				ASSETCATALOG_COMPILER_APPICON_NAME = AppIcon;
				ASSETCATALOG_COMPILER_GLOBAL_ACCENT_COLOR_NAME = AccentColor;
				CODE_SIGN_STYLE = Automatic;
				CURRENT_PROJECT_VERSION = 1;
				DEVELOPMENT_TEAM = CQLDM5Q7V2;
				ENABLE_PREVIEWS = YES;
				ENABLE_TESTABILITY = YES;
				ENABLE_TESTING_SEARCH_PATHS = YES;
				GENERATE_INFOPLIST_FILE = YES;
				INFOPLIST_FILE = "BankTransactions--iOS--Info.plist";
				INFOPLIST_KEY_CFBundleDisplayName = "Bank Transactions";
				INFOPLIST_KEY_UIApplicationSceneManifest_Generation = YES;
				INFOPLIST_KEY_UIApplicationSupportsIndirectInputEvents = YES;
				INFOPLIST_KEY_UISupportedInterfaceOrientations = UIInterfaceOrientationPortrait;
				INFOPLIST_KEY_UISupportedInterfaceOrientations_iPad = "UIInterfaceOrientationPortrait UIInterfaceOrientationPortraitUpsideDown UIInterfaceOrientationLandscapeLeft UIInterfaceOrientationLandscapeRight";
				INFOPLIST_KEY_UISupportedInterfaceOrientations_iPhone = "UIInterfaceOrientationPortrait UIInterfaceOrientationLandscapeLeft UIInterfaceOrientationLandscapeRight";
				IPHONEOS_DEPLOYMENT_TARGET = 15.0;
				LD_RUNPATH_SEARCH_PATHS = (
					"$(inherited)",
					"@executable_path/Frameworks",
				);
				MARKETING_VERSION = 1.0;
				PRODUCT_BUNDLE_IDENTIFIER = com.rpatec.BankTransactions;
				PRODUCT_NAME = BankTransactions;
				SDKROOT = iphoneos;
				SWIFT_EMIT_LOC_STRINGS = YES;
				SWIFT_VERSION = 5.0;
				TARGETED_DEVICE_FAMILY = 1;
				VALIDATE_PRODUCT = YES;
			};
			name = Release;
		};
/* End XCBuildConfiguration section */

/* Begin XCConfigurationList section */
		24363A6C2750F17800051C08 /* Build configuration list for PBXNativeTarget "BankTransactionsTests" */ = {
			isa = XCConfigurationList;
			buildConfigurations = (
				24363A6D2750F17800051C08 /* Debug */,
				24363A6E2750F17800051C08 /* Release */,
			);
			defaultConfigurationIsVisible = 0;
			defaultConfigurationName = Release;
		};
		24363A7B2750F26900051C08 /* Build configuration list for PBXNativeTarget "BankTransactionsUITests" */ = {
			isa = XCConfigurationList;
			buildConfigurations = (
				24363A7C2750F26900051C08 /* Debug */,
				24363A7D2750F26900051C08 /* Release */,
			);
			defaultConfigurationIsVisible = 0;
			defaultConfigurationName = Release;
		};
		24A164C2274789B700FEAADD /* Build configuration list for PBXProject "BankTransactions" */ = {
			isa = XCConfigurationList;
			buildConfigurations = (
				24A164F2274789BB00FEAADD /* Debug */,
				24A164F3274789BB00FEAADD /* Release */,
			);
			defaultConfigurationIsVisible = 0;
			defaultConfigurationName = Release;
		};
		24A164F4274789BB00FEAADD /* Build configuration list for PBXNativeTarget "BankTransactions (iOS)" */ = {
			isa = XCConfigurationList;
			buildConfigurations = (
				24A164F5274789BB00FEAADD /* Debug */,
				24A164F6274789BB00FEAADD /* Release */,
			);
			defaultConfigurationIsVisible = 0;
			defaultConfigurationName = Release;
		};
/* End XCConfigurationList section */
	};
	rootObject = 24A164BF274789B700FEAADD /* Project object */;
}
